
Microsoft Visual Studio Solution File, Format Version 12.00
# Visual Studio 15
VisualStudioVersion = 15.0.27004.2005
MinimumVisualStudioVersion = 10.0.40219.1
Project("{FAE04EC0-301F-11D3-BF4B-00C04F79EFBC}") = "SimpleMapsAndGeo.Android", "SimpleMapsAndGeo\SimpleMapsAndGeo.Android\SimpleMapsAndGeo.Android.csproj", "{31F700B3-2277-45B3-8402-C54E41FFDF85}"
EndProject
Project("{FAE04EC0-301F-11D3-BF4B-00C04F79EFBC}") = "SimpleMapsAndGeo", "SimpleMapsAndGeo\SimpleMapsAndGeo\SimpleMapsAndGeo.csproj", "{72A2F8D8-2736-453B-B9DE-09D8C5C51DD0}"
EndProject
Project("{FAE04EC0-301F-11D3-BF4B-00C04F79EFBC}") = "SimpleMapsAndGeo.UWP", "SimpleMapsAndGeo\SimpleMapsAndGeo.UWP\SimpleMapsAndGeo.UWP.csproj", "{7981D864-17E5-4851-B916-CE693790E088}"
EndProject
Project("{FAE04EC0-301F-11D3-BF4B-00C04F79EFBC}") = "SimpleMapsAndGeo.iOS", "SimpleMapsAndGeo\SimpleMapsAndGeo.iOS\SimpleMapsAndGeo.iOS.csproj", "{5BBE6D84-DD46-499F-A5DA-D1623359D2D0}"
EndProject
Global
	GlobalSection(SolutionConfigurationPlatforms) = preSolution
		Ad-Hoc|Any CPU = Ad-Hoc|Any CPU
		Ad-Hoc|ARM = Ad-Hoc|ARM
		Ad-Hoc|iPhone = Ad-Hoc|iPhone
		Ad-Hoc|iPhoneSimulator = Ad-Hoc|iPhoneSimulator
		Ad-Hoc|x64 = Ad-Hoc|x64
		Ad-Hoc|x86 = Ad-Hoc|x86
		AppStore|Any CPU = AppStore|Any CPU
		AppStore|ARM = AppStore|ARM
		AppStore|iPhone = AppStore|iPhone
		AppStore|iPhoneSimulator = AppStore|iPhoneSimulator
		AppStore|x64 = AppStore|x64
		AppStore|x86 = AppStore|x86
		Debug|Any CPU = Debug|Any CPU
		Debug|ARM = Debug|ARM
		Debug|iPhone = Debug|iPhone
		Debug|iPhoneSimulator = Debug|iPhoneSimulator
		Debug|x64 = Debug|x64
		Debug|x86 = Debug|x86
		Release|Any CPU = Release|Any CPU
		Release|ARM = Release|ARM
		Release|iPhone = Release|iPhone
		Release|iPhoneSimulator = Release|iPhoneSimulator
		Release|x64 = Release|x64
		Release|x86 = Release|x86
	EndGlobalSection
	GlobalSection(ProjectConfigurationPlatforms) = postSolution
		{31F700B3-2277-45B3-8402-C54E41FFDF85}.Ad-Hoc|Any CPU.ActiveCfg = Release|Any CPU
		{31F700B3-2277-45B3-8402-C54E41FFDF85}.Ad-Hoc|Any CPU.Build.0 = Release|Any CPU
		{31F700B3-2277-45B3-8402-C54E41FFDF85}.Ad-Hoc|Any CPU.Deploy.0 = Release|Any CPU
		{31F700B3-2277-45B3-8402-C54E41FFDF85}.Ad-Hoc|ARM.ActiveCfg = Release|Any CPU
		{31F700B3-2277-45B3-8402-C54E41FFDF85}.Ad-Hoc|ARM.Build.0 = Release|Any CPU
		{31F700B3-2277-45B3-8402-C54E41FFDF85}.Ad-Hoc|ARM.Deploy.0 = Release|Any CPU
		{31F700B3-2277-45B3-8402-C54E41FFDF85}.Ad-Hoc|iPhone.ActiveCfg = Release|Any CPU
		{31F700B3-2277-45B3-8402-C54E41FFDF85}.Ad-Hoc|iPhone.Build.0 = Release|Any CPU
		{31F700B3-2277-45B3-8402-C54E41FFDF85}.Ad-Hoc|iPhone.Deploy.0 = Release|Any CPU
		{31F700B3-2277-45B3-8402-C54E41FFDF85}.Ad-Hoc|iPhoneSimulator.ActiveCfg = Release|Any CPU
		{31F700B3-2277-45B3-8402-C54E41FFDF85}.Ad-Hoc|iPhoneSimulator.Build.0 = Release|Any CPU
		{31F700B3-2277-45B3-8402-C54E41FFDF85}.Ad-Hoc|iPhoneSimulator.Deploy.0 = Release|Any CPU
		{31F700B3-2277-45B3-8402-C54E41FFDF85}.Ad-Hoc|x64.ActiveCfg = Release|Any CPU
		{31F700B3-2277-45B3-8402-C54E41FFDF85}.Ad-Hoc|x64.Build.0 = Release|Any CPU
		{31F700B3-2277-45B3-8402-C54E41FFDF85}.Ad-Hoc|x64.Deploy.0 = Release|Any CPU
		{31F700B3-2277-45B3-8402-C54E41FFDF85}.Ad-Hoc|x86.ActiveCfg = Release|Any CPU
		{31F700B3-2277-45B3-8402-C54E41FFDF85}.Ad-Hoc|x86.Build.0 = Release|Any CPU
		{31F700B3-2277-45B3-8402-C54E41FFDF85}.Ad-Hoc|x86.Deploy.0 = Release|Any CPU
		{31F700B3-2277-45B3-8402-C54E41FFDF85}.AppStore|Any CPU.ActiveCfg = Release|Any CPU
		{31F700B3-2277-45B3-8402-C54E41FFDF85}.AppStore|Any CPU.Build.0 = Release|Any CPU
		{31F700B3-2277-45B3-8402-C54E41FFDF85}.AppStore|Any CPU.Deploy.0 = Release|Any CPU
		{31F700B3-2277-45B3-8402-C54E41FFDF85}.AppStore|ARM.ActiveCfg = Release|Any CPU
		{31F700B3-2277-45B3-8402-C54E41FFDF85}.AppStore|ARM.Build.0 = Release|Any CPU
		{31F700B3-2277-45B3-8402-C54E41FFDF85}.AppStore|ARM.Deploy.0 = Release|Any CPU
		{31F700B3-2277-45B3-8402-C54E41FFDF85}.AppStore|iPhone.ActiveCfg = Release|Any CPU
		{31F700B3-2277-45B3-8402-C54E41FFDF85}.AppStore|iPhone.Build.0 = Release|Any CPU
		{31F700B3-2277-45B3-8402-C54E41FFDF85}.AppStore|iPhone.Deploy.0 = Release|Any CPU
		{31F700B3-2277-45B3-8402-C54E41FFDF85}.AppStore|iPhoneSimulator.ActiveCfg = Release|Any CPU
		{31F700B3-2277-45B3-8402-C54E41FFDF85}.AppStore|iPhoneSimulator.Build.0 = Release|Any CPU
		{31F700B3-2277-45B3-8402-C54E41FFDF85}.AppStore|iPhoneSimulator.Deploy.0 = Release|Any CPU
		{31F700B3-2277-45B3-8402-C54E41FFDF85}.AppStore|x64.ActiveCfg = Release|Any CPU
		{31F700B3-2277-45B3-8402-C54E41FFDF85}.AppStore|x64.Build.0 = Release|Any CPU
		{31F700B3-2277-45B3-8402-C54E41FFDF85}.AppStore|x64.Deploy.0 = Release|Any CPU
		{31F700B3-2277-45B3-8402-C54E41FFDF85}.AppStore|x86.ActiveCfg = Release|Any CPU
		{31F700B3-2277-45B3-8402-C54E41FFDF85}.AppStore|x86.Build.0 = Release|Any CPU
		{31F700B3-2277-45B3-8402-C54E41FFDF85}.AppStore|x86.Deploy.0 = Release|Any CPU
		{31F700B3-2277-45B3-8402-C54E41FFDF85}.Debug|Any CPU.ActiveCfg = Debug|Any CPU
		{31F700B3-2277-45B3-8402-C54E41FFDF85}.Debug|Any CPU.Build.0 = Debug|Any CPU
		{31F700B3-2277-45B3-8402-C54E41FFDF85}.Debug|Any CPU.Deploy.0 = Debug|Any CPU
		{31F700B3-2277-45B3-8402-C54E41FFDF85}.Debug|ARM.ActiveCfg = Debug|Any CPU
		{31F700B3-2277-45B3-8402-C54E41FFDF85}.Debug|ARM.Build.0 = Debug|Any CPU
		{31F700B3-2277-45B3-8402-C54E41FFDF85}.Debug|ARM.Deploy.0 = Debug|Any CPU
		{31F700B3-2277-45B3-8402-C54E41FFDF85}.Debug|iPhone.ActiveCfg = Debug|Any CPU
		{31F700B3-2277-45B3-8402-C54E41FFDF85}.Debug|iPhone.Build.0 = Debug|Any CPU
		{31F700B3-2277-45B3-8402-C54E41FFDF85}.Debug|iPhone.Deploy.0 = Debug|Any CPU
		{31F700B3-2277-45B3-8402-C54E41FFDF85}.Debug|iPhoneSimulator.ActiveCfg = Debug|Any CPU
		{31F700B3-2277-45B3-8402-C54E41FFDF85}.Debug|iPhoneSimulator.Build.0 = Debug|Any CPU
		{31F700B3-2277-45B3-8402-C54E41FFDF85}.Debug|iPhoneSimulator.Deploy.0 = Debug|Any CPU
		{31F700B3-2277-45B3-8402-C54E41FFDF85}.Debug|x64.ActiveCfg = Debug|Any CPU
		{31F700B3-2277-45B3-8402-C54E41FFDF85}.Debug|x64.Build.0 = Debug|Any CPU
		{31F700B3-2277-45B3-8402-C54E41FFDF85}.Debug|x64.Deploy.0 = Debug|Any CPU
		{31F700B3-2277-45B3-8402-C54E41FFDF85}.Debug|x86.ActiveCfg = Debug|Any CPU
		{31F700B3-2277-45B3-8402-C54E41FFDF85}.Debug|x86.Build.0 = Debug|Any CPU
		{31F700B3-2277-45B3-8402-C54E41FFDF85}.Debug|x86.Deploy.0 = Debug|Any CPU
		{31F700B3-2277-45B3-8402-C54E41FFDF85}.Release|Any CPU.ActiveCfg = Release|Any CPU
		{31F700B3-2277-45B3-8402-C54E41FFDF85}.Release|Any CPU.Build.0 = Release|Any CPU
		{31F700B3-2277-45B3-8402-C54E41FFDF85}.Release|Any CPU.Deploy.0 = Release|Any CPU
		{31F700B3-2277-45B3-8402-C54E41FFDF85}.Release|ARM.ActiveCfg = Release|Any CPU
		{31F700B3-2277-45B3-8402-C54E41FFDF85}.Release|ARM.Build.0 = Release|Any CPU
		{31F700B3-2277-45B3-8402-C54E41FFDF85}.Release|ARM.Deploy.0 = Release|Any CPU
		{31F700B3-2277-45B3-8402-C54E41FFDF85}.Release|iPhone.ActiveCfg = Release|Any CPU
		{31F700B3-2277-45B3-8402-C54E41FFDF85}.Release|iPhone.Build.0 = Release|Any CPU
		{31F700B3-2277-45B3-8402-C54E41FFDF85}.Release|iPhone.Deploy.0 = Release|Any CPU
		{31F700B3-2277-45B3-8402-C54E41FFDF85}.Release|iPhoneSimulator.ActiveCfg = Release|Any CPU
		{31F700B3-2277-45B3-8402-C54E41FFDF85}.Release|iPhoneSimulator.Build.0 = Release|Any CPU
		{31F700B3-2277-45B3-8402-C54E41FFDF85}.Release|iPhoneSimulator.Deploy.0 = Release|Any CPU
		{31F700B3-2277-45B3-8402-C54E41FFDF85}.Release|x64.ActiveCfg = Release|Any CPU
		{31F700B3-2277-45B3-8402-C54E41FFDF85}.Release|x64.Build.0 = Release|Any CPU
		{31F700B3-2277-45B3-8402-C54E41FFDF85}.Release|x64.Deploy.0 = Release|Any CPU
		{31F700B3-2277-45B3-8402-C54E41FFDF85}.Release|x86.ActiveCfg = Release|Any CPU
		{31F700B3-2277-45B3-8402-C54E41FFDF85}.Release|x86.Build.0 = Release|Any CPU
		{31F700B3-2277-45B3-8402-C54E41FFDF85}.Release|x86.Deploy.0 = Release|Any CPU
		{72A2F8D8-2736-453B-B9DE-09D8C5C51DD0}.Ad-Hoc|Any CPU.ActiveCfg = Release|Any CPU
		{72A2F8D8-2736-453B-B9DE-09D8C5C51DD0}.Ad-Hoc|Any CPU.Build.0 = Release|Any CPU
		{72A2F8D8-2736-453B-B9DE-09D8C5C51DD0}.Ad-Hoc|ARM.ActiveCfg = Release|Any CPU
		{72A2F8D8-2736-453B-B9DE-09D8C5C51DD0}.Ad-Hoc|ARM.Build.0 = Release|Any CPU
		{72A2F8D8-2736-453B-B9DE-09D8C5C51DD0}.Ad-Hoc|iPhone.ActiveCfg = Release|Any CPU
		{72A2F8D8-2736-453B-B9DE-09D8C5C51DD0}.Ad-Hoc|iPhone.Build.0 = Release|Any CPU
		{72A2F8D8-2736-453B-B9DE-09D8C5C51DD0}.Ad-Hoc|iPhoneSimulator.ActiveCfg = Release|Any CPU
		{72A2F8D8-2736-453B-B9DE-09D8C5C51DD0}.Ad-Hoc|iPhoneSimulator.Build.0 = Release|Any CPU
		{72A2F8D8-2736-453B-B9DE-09D8C5C51DD0}.Ad-Hoc|x64.ActiveCfg = Release|Any CPU
		{72A2F8D8-2736-453B-B9DE-09D8C5C51DD0}.Ad-Hoc|x64.Build.0 = Release|Any CPU
		{72A2F8D8-2736-453B-B9DE-09D8C5C51DD0}.Ad-Hoc|x86.ActiveCfg = Release|Any CPU
		{72A2F8D8-2736-453B-B9DE-09D8C5C51DD0}.Ad-Hoc|x86.Build.0 = Release|Any CPU
		{72A2F8D8-2736-453B-B9DE-09D8C5C51DD0}.AppStore|Any CPU.ActiveCfg = Release|Any CPU
		{72A2F8D8-2736-453B-B9DE-09D8C5C51DD0}.AppStore|Any CPU.Build.0 = Release|Any CPU
		{72A2F8D8-2736-453B-B9DE-09D8C5C51DD0}.AppStore|ARM.ActiveCfg = Release|Any CPU
		{72A2F8D8-2736-453B-B9DE-09D8C5C51DD0}.AppStore|ARM.Build.0 = Release|Any CPU
		{72A2F8D8-2736-453B-B9DE-09D8C5C51DD0}.AppStore|iPhone.ActiveCfg = Release|Any CPU
		{72A2F8D8-2736-453B-B9DE-09D8C5C51DD0}.AppStore|iPhone.Build.0 = Release|Any CPU
		{72A2F8D8-2736-453B-B9DE-09D8C5C51DD0}.AppStore|iPhoneSimulator.ActiveCfg = Release|Any CPU
		{72A2F8D8-2736-453B-B9DE-09D8C5C51DD0}.AppStore|iPhoneSimulator.Build.0 = Release|Any CPU
		{72A2F8D8-2736-453B-B9DE-09D8C5C51DD0}.AppStore|x64.ActiveCfg = Release|Any CPU
		{72A2F8D8-2736-453B-B9DE-09D8C5C51DD0}.AppStore|x64.Build.0 = Release|Any CPU
		{72A2F8D8-2736-453B-B9DE-09D8C5C51DD0}.AppStore|x86.ActiveCfg = Release|Any CPU
		{72A2F8D8-2736-453B-B9DE-09D8C5C51DD0}.AppStore|x86.Build.0 = Release|Any CPU
		{72A2F8D8-2736-453B-B9DE-09D8C5C51DD0}.Debug|Any CPU.ActiveCfg = Debug|Any CPU
		{72A2F8D8-2736-453B-B9DE-09D8C5C51DD0}.Debug|Any CPU.Build.0 = Debug|Any CPU
		{72A2F8D8-2736-453B-B9DE-09D8C5C51DD0}.Debug|ARM.ActiveCfg = Debug|Any CPU
		{72A2F8D8-2736-453B-B9DE-09D8C5C51DD0}.Debug|ARM.Build.0 = Debug|Any CPU
		{72A2F8D8-2736-453B-B9DE-09D8C5C51DD0}.Debug|iPhone.ActiveCfg = Debug|Any CPU
		{72A2F8D8-2736-453B-B9DE-09D8C5C51DD0}.Debug|iPhone.Build.0 = Debug|Any CPU
		{72A2F8D8-2736-453B-B9DE-09D8C5C51DD0}.Debug|iPhoneSimulator.ActiveCfg = Debug|Any CPU
		{72A2F8D8-2736-453B-B9DE-09D8C5C51DD0}.Debug|iPhoneSimulator.Build.0 = Debug|Any CPU
		{72A2F8D8-2736-453B-B9DE-09D8C5C51DD0}.Debug|x64.ActiveCfg = Debug|Any CPU
		{72A2F8D8-2736-453B-B9DE-09D8C5C51DD0}.Debug|x64.Build.0 = Debug|Any CPU
		{72A2F8D8-2736-453B-B9DE-09D8C5C51DD0}.Debug|x86.ActiveCfg = Debug|Any CPU
		{72A2F8D8-2736-453B-B9DE-09D8C5C51DD0}.Debug|x86.Build.0 = Debug|Any CPU
		{72A2F8D8-2736-453B-B9DE-09D8C5C51DD0}.Release|Any CPU.ActiveCfg = Release|Any CPU
		{72A2F8D8-2736-453B-B9DE-09D8C5C51DD0}.Release|Any CPU.Build.0 = Release|Any CPU
		{72A2F8D8-2736-453B-B9DE-09D8C5C51DD0}.Release|ARM.ActiveCfg = Release|Any CPU
		{72A2F8D8-2736-453B-B9DE-09D8C5C51DD0}.Release|ARM.Build.0 = Release|Any CPU
		{72A2F8D8-2736-453B-B9DE-09D8C5C51DD0}.Release|iPhone.ActiveCfg = Release|Any CPU
		{72A2F8D8-2736-453B-B9DE-09D8C5C51DD0}.Release|iPhone.Build.0 = Release|Any CPU
		{72A2F8D8-2736-453B-B9DE-09D8C5C51DD0}.Release|iPhoneSimulator.ActiveCfg = Release|Any CPU
		{72A2F8D8-2736-453B-B9DE-09D8C5C51DD0}.Release|iPhoneSimulator.Build.0 = Release|Any CPU
		{72A2F8D8-2736-453B-B9DE-09D8C5C51DD0}.Release|x64.ActiveCfg = Release|Any CPU
		{72A2F8D8-2736-453B-B9DE-09D8C5C51DD0}.Release|x64.Build.0 = Release|Any CPU
		{72A2F8D8-2736-453B-B9DE-09D8C5C51DD0}.Release|x86.ActiveCfg = Release|Any CPU
		{72A2F8D8-2736-453B-B9DE-09D8C5C51DD0}.Release|x86.Build.0 = Release|Any CPU
		{7981D864-17E5-4851-B916-CE693790E088}.Ad-Hoc|Any CPU.ActiveCfg = Release|x86
		{7981D864-17E5-4851-B916-CE693790E088}.Ad-Hoc|Any CPU.Build.0 = Release|x86
		{7981D864-17E5-4851-B916-CE693790E088}.Ad-Hoc|Any CPU.Deploy.0 = Release|x86
		{7981D864-17E5-4851-B916-CE693790E088}.Ad-Hoc|ARM.ActiveCfg = Release|ARM
		{7981D864-17E5-4851-B916-CE693790E088}.Ad-Hoc|ARM.Build.0 = Release|ARM
		{7981D864-17E5-4851-B916-CE693790E088}.Ad-Hoc|ARM.Deploy.0 = Release|ARM
		{7981D864-17E5-4851-B916-CE693790E088}.Ad-Hoc|iPhone.ActiveCfg = Release|x86
		{7981D864-17E5-4851-B916-CE693790E088}.Ad-Hoc|iPhone.Build.0 = Release|x86
		{7981D864-17E5-4851-B916-CE693790E088}.Ad-Hoc|iPhone.Deploy.0 = Release|x86
		{7981D864-17E5-4851-B916-CE693790E088}.Ad-Hoc|iPhoneSimulator.ActiveCfg = Release|x86
		{7981D864-17E5-4851-B916-CE693790E088}.Ad-Hoc|iPhoneSimulator.Build.0 = Release|x86
		{7981D864-17E5-4851-B916-CE693790E088}.Ad-Hoc|iPhoneSimulator.Deploy.0 = Release|x86
		{7981D864-17E5-4851-B916-CE693790E088}.Ad-Hoc|x64.ActiveCfg = Release|x64
		{7981D864-17E5-4851-B916-CE693790E088}.Ad-Hoc|x64.Build.0 = Release|x64
		{7981D864-17E5-4851-B916-CE693790E088}.Ad-Hoc|x64.Deploy.0 = Release|x64
		{7981D864-17E5-4851-B916-CE693790E088}.Ad-Hoc|x86.ActiveCfg = Release|x86
		{7981D864-17E5-4851-B916-CE693790E088}.Ad-Hoc|x86.Build.0 = Release|x86
		{7981D864-17E5-4851-B916-CE693790E088}.Ad-Hoc|x86.Deploy.0 = Release|x86
		{7981D864-17E5-4851-B916-CE693790E088}.AppStore|Any CPU.ActiveCfg = Release|x86
		{7981D864-17E5-4851-B916-CE693790E088}.AppStore|Any CPU.Build.0 = Release|x86
		{7981D864-17E5-4851-B916-CE693790E088}.AppStore|Any CPU.Deploy.0 = Release|x86
		{7981D864-17E5-4851-B916-CE693790E088}.AppStore|ARM.ActiveCfg = Release|ARM
		{7981D864-17E5-4851-B916-CE693790E088}.AppStore|ARM.Build.0 = Release|ARM
		{7981D864-17E5-4851-B916-CE693790E088}.AppStore|ARM.Deploy.0 = Release|ARM
		{7981D864-17E5-4851-B916-CE693790E088}.AppStore|iPhone.ActiveCfg = Release|x86
		{7981D864-17E5-4851-B916-CE693790E088}.AppStore|iPhone.Build.0 = Release|x86
		{7981D864-17E5-4851-B916-CE693790E088}.AppStore|iPhone.Deploy.0 = Release|x86
		{7981D864-17E5-4851-B916-CE693790E088}.AppStore|iPhoneSimulator.ActiveCfg = Release|x86
		{7981D864-17E5-4851-B916-CE693790E088}.AppStore|iPhoneSimulator.Build.0 = Release|x86
		{7981D864-17E5-4851-B916-CE693790E088}.AppStore|iPhoneSimulator.Deploy.0 = Release|x86
		{7981D864-17E5-4851-B916-CE693790E088}.AppStore|x64.ActiveCfg = Release|x64
		{7981D864-17E5-4851-B916-CE693790E088}.AppStore|x64.Build.0 = Release|x64
		{7981D864-17E5-4851-B916-CE693790E088}.AppStore|x64.Deploy.0 = Release|x64
		{7981D864-17E5-4851-B916-CE693790E088}.AppStore|x86.ActiveCfg = Release|x86
		{7981D864-17E5-4851-B916-CE693790E088}.AppStore|x86.Build.0 = Release|x86
		{7981D864-17E5-4851-B916-CE693790E088}.AppStore|x86.Deploy.0 = Release|x86
		{7981D864-17E5-4851-B916-CE693790E088}.Debug|Any CPU.ActiveCfg = Debug|x86
		{7981D864-17E5-4851-B916-CE693790E088}.Debug|ARM.ActiveCfg = Debug|ARM
		{7981D864-17E5-4851-B916-CE693790E088}.Debug|ARM.Build.0 = Debug|ARM
		{7981D864-17E5-4851-B916-CE693790E088}.Debug|ARM.Deploy.0 = Debug|ARM
		{7981D864-17E5-4851-B916-CE693790E088}.Debug|iPhone.ActiveCfg = Debug|x86
		{7981D864-17E5-4851-B916-CE693790E088}.Debug|iPhoneSimulator.ActiveCfg = Debug|x86
		{7981D864-17E5-4851-B916-CE693790E088}.Debug|x64.ActiveCfg = Debug|x64
		{7981D864-17E5-4851-B916-CE693790E088}.Debug|x64.Build.0 = Debug|x64
		{7981D864-17E5-4851-B916-CE693790E088}.Debug|x64.Deploy.0 = Debug|x64
		{7981D864-17E5-4851-B916-CE693790E088}.Debug|x86.ActiveCfg = Debug|x86
		{7981D864-17E5-4851-B916-CE693790E088}.Debug|x86.Build.0 = Debug|x86
		{7981D864-17E5-4851-B916-CE693790E088}.Debug|x86.Deploy.0 = Debug|x86
		{7981D864-17E5-4851-B916-CE693790E088}.Release|Any CPU.ActiveCfg = Release|x86
		{7981D864-17E5-4851-B916-CE693790E088}.Release|ARM.ActiveCfg = Release|ARM
		{7981D864-17E5-4851-B916-CE693790E088}.Release|ARM.Build.0 = Release|ARM
		{7981D864-17E5-4851-B916-CE693790E088}.Release|ARM.Deploy.0 = Release|ARM
		{7981D864-17E5-4851-B916-CE693790E088}.Release|iPhone.ActiveCfg = Release|x86
		{7981D864-17E5-4851-B916-CE693790E088}.Release|iPhoneSimulator.ActiveCfg = Release|x86
		{7981D864-17E5-4851-B916-CE693790E088}.Release|x64.ActiveCfg = Release|x64
		{7981D864-17E5-4851-B916-CE693790E088}.Release|x64.Build.0 = Release|x64
		{7981D864-17E5-4851-B916-CE693790E088}.Release|x64.Deploy.0 = Release|x64
		{7981D864-17E5-4851-B916-CE693790E088}.Release|x86.ActiveCfg = Release|x86
		{7981D864-17E5-4851-B916-CE693790E088}.Release|x86.Build.0 = Release|x86
		{7981D864-17E5-4851-B916-CE693790E088}.Release|x86.Deploy.0 = Release|x86
		{5BBE6D84-DD46-499F-A5DA-D1623359D2D0}.Ad-Hoc|Any CPU.ActiveCfg = Ad-Hoc|iPhoneSimulator
		{5BBE6D84-DD46-499F-A5DA-D1623359D2D0}.Ad-Hoc|ARM.ActiveCfg = Ad-Hoc|iPhone
		{5BBE6D84-DD46-499F-A5DA-D1623359D2D0}.Ad-Hoc|iPhone.ActiveCfg = Ad-Hoc|iPhone
		{5BBE6D84-DD46-499F-A5DA-D1623359D2D0}.Ad-Hoc|iPhone.Build.0 = Ad-Hoc|iPhone
		{5BBE6D84-DD46-499F-A5DA-D1623359D2D0}.Ad-Hoc|iPhoneSimulator.ActiveCfg = Ad-Hoc|iPhoneSimulator
		{5BBE6D84-DD46-499F-A5DA-D1623359D2D0}.Ad-Hoc|iPhoneSimulator.Build.0 = Ad-Hoc|iPhoneSimulator
		{5BBE6D84-DD46-499F-A5DA-D1623359D2D0}.Ad-Hoc|x64.ActiveCfg = Ad-Hoc|iPhone
		{5BBE6D84-DD46-499F-A5DA-D1623359D2D0}.Ad-Hoc|x86.ActiveCfg = Ad-Hoc|iPhone
		{5BBE6D84-DD46-499F-A5DA-D1623359D2D0}.AppStore|Any CPU.ActiveCfg = AppStore|iPhoneSimulator
		{5BBE6D84-DD46-499F-A5DA-D1623359D2D0}.AppStore|ARM.ActiveCfg = AppStore|iPhone
		{5BBE6D84-DD46-499F-A5DA-D1623359D2D0}.AppStore|iPhone.ActiveCfg = AppStore|iPhone
		{5BBE6D84-DD46-499F-A5DA-D1623359D2D0}.AppStore|iPhone.Build.0 = AppStore|iPhone
		{5BBE6D84-DD46-499F-A5DA-D1623359D2D0}.AppStore|iPhoneSimulator.ActiveCfg = AppStore|iPhoneSimulator
		{5BBE6D84-DD46-499F-A5DA-D1623359D2D0}.AppStore|iPhoneSimulator.Build.0 = AppStore|iPhoneSimulator
		{5BBE6D84-DD46-499F-A5DA-D1623359D2D0}.AppStore|x64.ActiveCfg = AppStore|iPhone
		{5BBE6D84-DD46-499F-A5DA-D1623359D2D0}.AppStore|x86.ActiveCfg = AppStore|iPhone
		{5BBE6D84-DD46-499F-A5DA-D1623359D2D0}.Debug|Any CPU.ActiveCfg = Debug|iPhoneSimulator
		{5BBE6D84-DD46-499F-A5DA-D1623359D2D0}.Debug|ARM.ActiveCfg = Debug|iPhone
		{5BBE6D84-DD46-499F-A5DA-D1623359D2D0}.Debug|iPhone.ActiveCfg = Debug|iPhone
		{5BBE6D84-DD46-499F-A5DA-D1623359D2D0}.Debug|iPhone.Build.0 = Debug|iPhone
		{5BBE6D84-DD46-499F-A5DA-D1623359D2D0}.Debug|iPhoneSimulator.ActiveCfg = Debug|iPhoneSimulator
		{5BBE6D84-DD46-499F-A5DA-D1623359D2D0}.Debug|iPhoneSimulator.Build.0 = Debug|iPhoneSimulator
		{5BBE6D84-DD46-499F-A5DA-D1623359D2D0}.Debug|x64.ActiveCfg = Debug|iPhone
		{5BBE6D84-DD46-499F-A5DA-D1623359D2D0}.Debug|x86.ActiveCfg = Debug|iPhone
		{5BBE6D84-DD46-499F-A5DA-D1623359D2D0}.Release|Any CPU.ActiveCfg = Release|iPhoneSimulator
		{5BBE6D84-DD46-499F-A5DA-D1623359D2D0}.Release|ARM.ActiveCfg = Release|iPhone
		{5BBE6D84-DD46-499F-A5DA-D1623359D2D0}.Release|iPhone.ActiveCfg = Release|iPhone
		{5BBE6D84-DD46-499F-A5DA-D1623359D2D0}.Release|iPhone.Build.0 = Release|iPhone
		{5BBE6D84-DD46-499F-A5DA-D1623359D2D0}.Release|iPhoneSimulator.ActiveCfg = Release|iPhoneSimulator
		{5BBE6D84-DD46-499F-A5DA-D1623359D2D0}.Release|iPhoneSimulator.Build.0 = Release|iPhoneSimulator
		{5BBE6D84-DD46-499F-A5DA-D1623359D2D0}.Release|x64.ActiveCfg = Release|iPhone
		{5BBE6D84-DD46-499F-A5DA-D1623359D2D0}.Release|x86.ActiveCfg = Release|iPhone
	EndGlobalSection
	GlobalSection(SolutionProperties) = preSolution
		HideSolutionNode = FALSE
	EndGlobalSection
	GlobalSection(ExtensibilityGlobals) = postSolution
		SolutionGuid = {3071D717-4E70-4866-B5D5-5372082ABA0A}
	EndGlobalSection
EndGlobal
